// !$*UTF8*$!
{
	archiveVersion = 1;
	classes = {
	};
	objectVersion = 77;
	objects = {

/* Begin PBXAggregateTarget section */
		937D3A6C2FB5E68200384D0F /* PMFoundationBuilder */ = {
			isa = PBXAggregateTarget;
			buildConfigurationList = 937D3A6D2FB5E68200384D0F /* Build configuration list for PBXAggregateTarget "PMFoundationBuilder" */;
			buildPhases = (
				937D3A702FB5E79900384D0F /* Checkout */,
				937D3A712FB5EF6C00384D0F /* OpenSSL build */,
				937D3A722FB5F54500384D0F /* CURL build */,
				937D3A732FB5F90200384D0F /* OpenCV build */,
				93FECA6F2FC98FD200D9A210 /* WatchOS */,
				937D3A742FB60A1800384D0F /* Make framework */,
				937D3A752FB61CC700384D0F /* Make ZIP */,
			);
			dependencies = (
			);
			name = PMFoundationBuilder;
			packageProductDependencies = (
			);
			productName = PMFoundationBuilder;
		};
/* End PBXAggregateTarget section */

/* Begin PBXGroup section */
		937D3A582FB5E5D400384D0F = {
			isa = PBXGroup;
			children = (
				937D3A632FB5E5D400384D0F /* Products */,
			);
			sourceTree = "<group>";
		};
		937D3A632FB5E5D400384D0F /* Products */ = {
			isa = PBXGroup;
			children = (
			);
			name = Products;
			sourceTree = "<group>";
		};
/* End PBXGroup section */

/* Begin PBXProject section */
		937D3A592FB5E5D400384D0F /* Project object */ = {
			isa = PBXProject;
			attributes = {
				BuildIndependentTargetsInParallel = 1;
				LastSwiftUpdateCheck = 2650;
				LastUpgradeCheck = 2650;
				TargetAttributes = {
					937D3A6C2FB5E68200384D0F = {
						CreatedOnToolsVersion = 26.5;
					};
				};
			};
			buildConfigurationList = 937D3A5C2FB5E5D400384D0F /* Build configuration list for PBXProject "PMFoundation" */;
			developmentRegion = en;
			hasScannedForEncodings = 0;
			knownRegions = (
				en,
				Base,
			);
			mainGroup = 937D3A582FB5E5D400384D0F;
			minimizedProjectReferenceProxies = 1;
			preferredProjectObjectVersion = 77;
			productRefGroup = 937D3A632FB5E5D400384D0F /* Products */;
			projectDirPath = "";
			projectRoot = "";
			targets = (
				937D3A6C2FB5E68200384D0F /* PMFoundationBuilder */,
			);
		};
/* End PBXProject section */

/* Begin PBXShellScriptBuildPhase section */
		937D3A702FB5E79900384D0F /* Checkout */ = {
			isa = PBXShellScriptBuildPhase;
			alwaysOutOfDate = 1;
			buildActionMask = 12;
			files = (
			);
			inputFileListPaths = (
			);
			inputPaths = (
			);
			name = Checkout;
			outputFileListPaths = (
			);
			outputPaths = (
			);
			runOnlyForDeploymentPostprocessing = 0;
			shellPath = /bin/sh;
			shellScript = "set -euo pipefail\n\nROOT=\"${SRCROOT}\"\nBUILD=\"${ROOT}/build\"\nSRC=\"${BUILD}/src\"\n\nOPENSSL_REPO=\"https://github.com/openssl/openssl.git\"\nCURL_REPO=\"https://github.com/curl/curl.git\"\nOPENCV_REPO=\"https://github.com/opencv/opencv.git\"\n\nOPENSSL_REF=\"openssl-3.6.2\"\nCURL_REF=\"curl-8_20_0\"\nOPENCV_REF=\"4.13.0\"\n\nexport GIT_TERMINAL_PROMPT=0\n\nmkdir -p \"$SRC\"\n\nclone_or_update () {\n  local repo=$1\n  local dir=$2\n  local ref=$3\n\n  if [ ! -d \"$dir/.git\" ]; then\n    echo \"Cloning $(basename \"$dir\")...\"\n    git clone \"$repo\" \"$dir\"\n  fi\n\n  pushd \"$dir\" >/dev/null\n\n  # reduce noise + speed\n  git fetch --depth 1 origin \"$ref\" || true\n  git checkout -f \"$ref\"\n\n  popd >/dev/null\n}\n\nclone_or_update \"$OPENSSL_REPO\" \"$SRC/openssl\" \"$OPENSSL_REF\"\nclone_or_update \"$CURL_REPO\" \"$SRC/curl\" \"$CURL_REF\"\nclone_or_update \"$OPENCV_REPO\" \"$SRC/opencv\" \"$OPENCV_REF\"\n\necho \"Sources ready\"\n";
		};
		937D3A712FB5EF6C00384D0F /* OpenSSL build */ = {
			isa = PBXShellScriptBuildPhase;
			alwaysOutOfDate = 1;
			buildActionMask = 12;
			files = (
			);
			inputFileListPaths = (
			);
			inputPaths = (
			);
			name = "OpenSSL build";
			outputFileListPaths = (
			);
			outputPaths = (
			);
			runOnlyForDeploymentPostprocessing = 0;
			shellPath = /bin/sh;
			shellScript = "set -euo pipefail\n\nROOT=\"${SRCROOT}\"\nBUILD=\"${ROOT}/build\"\nSRC=\"${BUILD}/src\"\n\nOPENSSL_SRC=\"${SRC}/openssl\"\n\nDEPLOYMENT_TARGET=\"${IPHONEOS_DEPLOYMENT_TARGET:-17.8}\"\n\nmkdir -p \"$BUILD\"\n\nbuild_openssl() {\n\n    NAME=$1\n    SDK=$2\n    ARCHS=$3\n    CONFIGURE_TARGET=$4\n\n    PREFIX=\"${BUILD}/${NAME}\"\n\n    echo \"==============================\"\n    echo \"Building OpenSSL:\"\n    echo \"  NAME   = $NAME\"\n    echo \"  SDK    = $SDK\"\n    echo \"  ARCHS  = $ARCHS\"\n    echo \"  PREFIX = $PREFIX\"\n    echo \"==============================\"\n\n    SDK_PATH=\"$(xcrun --sdk \"$SDK\" --show-sdk-path)\"\n    CC=\"$(xcrun --sdk \"$SDK\" -f clang)\"\n\n    cd \"$OPENSSL_SRC\"\n\n    if [ -f Makefile ]; then\n        make clean\n    fi\n    \n    export CC\n    export CFLAGS=\"-isysroot ${SDK_PATH} ${ARCHS}\"\n    export LDFLAGS=\"-isysroot ${SDK_PATH} ${ARCHS}\"\n\n    ./Configure \"$CONFIGURE_TARGET\" \\\n        no-shared \\\n        no-dso \\\n        no-hw \\\n        no-engine \\\n        no-tests \\\n        no-apps \\\n        --prefix=\"$PREFIX\"\n\n    make -j$(sysctl -n hw.ncpu)\n\n    rm -rf \"$PREFIX\"\n\n    make install_sw\n}\n\n#\n# iOS device\n#\n\nbuild_openssl \\\n    \"iphoneos\" \\\n    \"iphoneos\" \\\n    \"-arch arm64 -miphoneos-version-min=${DEPLOYMENT_TARGET}\" \\\n    \"ios64-cross\"\n\n#\n# iOS simulator\n#\n\nbuild_openssl \\\n    \"iphonesimulator\" \\\n    \"iphonesimulator\" \\\n    \"-arch arm64 -arch x86_64 -mios-simulator-version-min=${DEPLOYMENT_TARGET}\" \\\n    \"iossimulator-xcrun\"\n\nbuild_openssl \\\n    \"macos-arm64\" \\\n    \"macosx\" \\\n    \"-arch arm64 -mmacosx-version-min=11.0\" \\\n    \"darwin64-arm64-cc\"\n\nbuild_openssl \\\n    \"macos-x86_64\" \\\n    \"macosx\" \\\n    \"-arch x86_64 -mmacosx-version-min=11.0\" \\\n    \"darwin64-x86_64-cc\"\n\necho \"OpenSSL builds complete\"\n";
		};
		937D3A722FB5F54500384D0F /* CURL build */ = {
			isa = PBXShellScriptBuildPhase;
			alwaysOutOfDate = 1;
			buildActionMask = 12;
			files = (
			);
			inputFileListPaths = (
			);
			inputPaths = (
			);
			name = "CURL build";
			outputFileListPaths = (
			);
			outputPaths = (
			);
			runOnlyForDeploymentPostprocessing = 0;
			shellPath = /bin/sh;
			shellScript = "set -euo pipefail\n\nROOT=\"${SRCROOT}\"\nBUILD=\"${ROOT}/build\"\nSRC=\"${BUILD}/src\"\n\nCURL_SRC=\"${SRC}/curl\"\nDEPLOYMENT_TARGET=\"${IPHONEOS_DEPLOYMENT_TARGET:-17.8}\"\n\nbuild_curl() {\n\n    NAME=$1\n    SDK=$2\n    ARCHS=$3\n    HOST=$4\n\n    PREFIX=\"${BUILD}/${NAME}\"\n\n    echo \"==============================\"\n    echo \"Building curl:\"\n    echo \"  NAME   = $NAME\"\n    echo \"  SDK    = $SDK\"\n    echo \"  ARCHS  = $ARCHS\"\n    echo \"  PREFIX = $PREFIX\"\n    echo \"==============================\"\n\n    SDK_PATH=\"$(xcrun --sdk \"$SDK\" --show-sdk-path)\"\n\n    export CC=\"$(xcrun --sdk \"$SDK\" -f clang)\"\n\n    export CFLAGS=\"-isysroot ${SDK_PATH} ${ARCHS}\"\n    export CPPFLAGS=\"-I${PREFIX}/include\"\n    export LDFLAGS=\"-isysroot ${SDK_PATH} ${ARCHS} -L${PREFIX}/lib\"\n    export PATH=\"/opt/homebrew/bin:/usr/local/bin:$PATH\"\n\n    cd \"$CURL_SRC\"\n\n    make clean || true\n\n    autoreconf -fi\n\n    ac_cv_func_pipe2=no \\\n    ./configure \\\n        --host=\"$HOST\" \\\n        --with-openssl=\"$PREFIX\" \\\n        --without-libpsl \\\n        --enable-ntlm \\\n        --enable-static \\\n        --disable-shared \\\n        --disable-ldap \\\n        --disable-ldaps \\\n        --disable-rtsp \\\n        --disable-dict \\\n        --disable-telnet \\\n        --disable-tftp \\\n        --disable-pop3 \\\n        --disable-imap \\\n        --disable-smb \\\n        --disable-smtp \\\n        --disable-gopher \\\n        --disable-manual \\\n        --prefix=\"$PREFIX\"\n\n    make -j$(sysctl -n hw.ncpu)\n    make install\n}\n\n#\n# iPhoneOS\n#\n\nbuild_curl \\\n    \"iphoneos\" \\\n    \"iphoneos\" \\\n    \"-arch arm64 -miphoneos-version-min=${DEPLOYMENT_TARGET}\" \\\n    \"arm-apple-darwin\"\n\n#\n# iPhone Simulator\n#\n\nbuild_curl \\\n    \"iphonesimulator\" \\\n    \"iphonesimulator\" \\\n    \"-arch arm64 -arch x86_64 -mios-simulator-version-min=${DEPLOYMENT_TARGET}\" \\\n    \"arm-apple-darwin\"\n\n#\n# macOS arm64\n#\n\nbuild_curl \\\n    \"macos-arm64\" \\\n    \"macosx\" \\\n    \"-arch arm64 -mmacosx-version-min=11.0\" \\\n    \"arm-apple-darwin\"\n\nbuild_curl \\\n    \"macos-x86_64\" \\\n    \"macosx\" \\\n    \"-arch x86_64 -mmacosx-version-min=11.0\" \\\n    \"x86_64-apple-darwin\"\n\necho \"curl builds complete\"\n";
		};
		937D3A732FB5F90200384D0F /* OpenCV build */ = {
			isa = PBXShellScriptBuildPhase;
			alwaysOutOfDate = 1;
			buildActionMask = 12;
			files = (
			);
			inputFileListPaths = (
			);
			inputPaths = (
			);
			name = "OpenCV build";
			outputFileListPaths = (
			);
			outputPaths = (
			);
			runOnlyForDeploymentPostprocessing = 0;
			shellPath = /bin/sh;
			shellScript = "set -euo pipefail\n\nROOT=\"${SRCROOT}\"\nBUILD=\"${ROOT}/build\"\nSRC=\"${BUILD}/src\"\n\nOPENCV_SRC=\"${SRC}/opencv\"\n\nIOS_MIN=\"17.8\"\nMACOS_MIN=\"11.0\"\n\nexport PATH=\"/opt/homebrew/bin:/usr/local/bin:$PATH\"\n\nbuild_opencv() {\n\n    NAME=$1\n    SDK=$2\n    ARCHS=$3\n    MIN_VERSION=$4\n\n    PREFIX=\"${BUILD}/${NAME}\"\n    BUILD_DIR=\"${BUILD}/opencv-build-${NAME}\"\n\n    echo \"==============================\"\n    echo \"Building OpenCV:\"\n    echo \"  NAME   = $NAME\"\n    echo \"  SDK    = $SDK\"\n    echo \"  ARCHS  = $ARCHS\"\n    echo \"  MINVER = $MIN_VERSION\"\n    echo \"==============================\"\n\n    SDK_PATH=\"$(xcrun --sdk \"$SDK\" --show-sdk-path)\"\n\n    rm -rf \"$BUILD_DIR\"\n    mkdir -p \"$BUILD_DIR\"\n    cd \"$BUILD_DIR\"\n\n    cmake \"$OPENCV_SRC\" \\\n        -DCMAKE_BUILD_TYPE=Release \\\n        -DCMAKE_INSTALL_PREFIX=\"$PREFIX\" \\\n        -DCMAKE_SYSTEM_NAME=Darwin \\\n        -DCMAKE_OSX_SYSROOT=\"$SDK_PATH\" \\\n        -DCMAKE_OSX_ARCHITECTURES=\"$ARCHS\" \\\n        -DCMAKE_OSX_DEPLOYMENT_TARGET=\"$MIN_VERSION\" \\\n        -DBUILD_SHARED_LIBS=OFF \\\n        -DBUILD_TESTS=OFF \\\n        -DBUILD_PERF_TESTS=OFF \\\n        -DBUILD_EXAMPLES=OFF \\\n        -DBUILD_opencv_apps=OFF \\\n        -DBUILD_JAVA=OFF \\\n        -DBUILD_OBJC=OFF \\\n        -DBUILD_opencv_python=OFF \\\n        -DBUILD_opencv_dnn=OFF \\\n        -DBUILD_opencv_ml=OFF \\\n        -DBUILD_opencv_gapi=OFF \\\n        -DBUILD_opencv_imgcodecs=OFF \\\n        -DWITH_IPP=OFF \\\n        -DWITH_TBB=OFF \\\n        -DWITH_OPENMP=OFF \\\n        -DWITH_CUDA=OFF \\\n        -DWITH_FFMPEG=OFF \\\n        -DWITH_GSTREAMER=OFF \\\n        -DWITH_1394=OFF \\\n        -DWITH_WEBP=OFF \\\n        -DWITH_OPENEXR=OFF \\\n        -DWITH_JPEG=OFF \\\n        -DWITH_PNG=OFF \\\n        -DWITH_TIFF=OFF \\\n        -DWITH_JASPER=OFF \\\n        -DWITH_GIF=OFF \\\n        -DWITH_IMGCODEC_HDR=OFF \\\n        -DWITH_IMGCODEC_PXM=OFF \\\n        -DWITH_IMGCODEC_SUNRASTER=OFF \\\n        -DWITH_PROTOBUF=OFF \\\n        -DWITH_OPENCL=OFF \\\n        -DWITH_OPENCL_SVM=OFF \\\n        -DWITH_OPENCL_D3D11_NV=OFF \\\n        -DWITH_VULKAN=OFF \\\n        -DWITH_METAL=OFF\n\n    cmake --build . --config Release -j$(sysctl -n hw.ncpu)\n\n    cmake --install .\n    rm -rf \"$BUILD_DIR\"\n    \n    cd \"$PREFIX/include\"\n\n    if [ -d \"opencv4\" ]; then\n        cp -R opencv4/opencv2 .\n        rm -rf opencv4\n    fi\n}\n\n#\n# iPhoneOS\n#\n\nbuild_opencv \\\n    \"iphoneos\" \\\n    \"iphoneos\" \\\n    \"arm64\" \\\n    \"$IOS_MIN\"\n\n#\n# iPhone Simulator\n#\n\nbuild_opencv \\\n    \"iphonesimulator\" \\\n    \"iphonesimulator\" \\\n    \"arm64;x86_64\" \\\n    \"$IOS_MIN\"\n\n#\n# macOS arm64\n#\n\nbuild_opencv \\\n    \"macos-arm64\" \\\n    \"macosx\" \\\n    \"arm64;x86_64\" \\\n    \"$MACOS_MIN\"\n\necho \"OpenCV build complete\"\n";
		};
		937D3A742FB60A1800384D0F /* Make framework */ = {
			isa = PBXShellScriptBuildPhase;
			alwaysOutOfDate = 1;
			buildActionMask = 12;
			files = (
			);
			inputFileListPaths = (
			);
			inputPaths = (
			);
			name = "Make framework";
			outputFileListPaths = (
			);
			outputPaths = (
			);
			runOnlyForDeploymentPostprocessing = 0;
			shellPath = /bin/bash;
			shellScript = "set -euo pipefail\n\nROOT=\"${SRCROOT}\"\nBUILD=\"${ROOT}/build\"\nOUT=\"${ROOT}/PMFoundation.xcframework\"\n\nrm -rf \"$OUT\"\n\nPLATFORMS=(\n  \"iphoneos\"\n  \"iphonesimulator\"\n  \"macos-arm64\"\n  \"watchos\"\n  \"watchsimulator\"\n)\n\nCMD=(xcodebuild -create-xcframework)\n\nfor P in \"${PLATFORMS[@]}\"; do\n\n    DIR=\"$BUILD/$P\"\n    OUT_LIB=\"$DIR/libPMFoundation.a\"\n\n    echo \"==============================\"\n    echo \"Platform: $P\"\n    echo \"==============================\"\n\n    if [ -f \"$OUT_LIB\" ]; then\n\n        echo \"Using prebuilt lib: $OUT_LIB\"\n\n    else\n\n        LIBS=()\n\n        for f in \"$DIR/lib/\"*.a; do\n            [ -e \"$f\" ] || continue\n            LIBS+=(\"$f\")\n            echo \"  lib: $(basename \"$f\")\"\n        done\n        \n        if [ \"$P\" = \"macos-arm64\" ]; then\n            EXTRA_DIR=\"$BUILD/macos-x86_64/lib\"\n            for f in \"$EXTRA_DIR/\"*.a; do\n                [ -e \"$f\" ] || continue\n                LIBS+=(\"$f\")\n                echo \"  lib: $(basename \"$f\")\"\n            done\n        fi\n\n        if [ ${#LIBS[@]} -eq 0 ]; then\n            echo \"Skip $P (no libs)\"\n            continue\n        fi\n\n        # output fat static lib\n\n        echo \"Creating fat lib: $OUT_LIB\"\n\n        rm -f \"$OUT_LIB\"\n\n        libtool -static \\\n            -o \"$OUT_LIB\" \\\n            \"${LIBS[@]}\" \\\n            2> >(grep -v \"has no symbols\" >&2)\n    fi\n    \n    # XCFramework input = single artifact per platform\n    CMD+=(\"-library\" \"$OUT_LIB\")\n    CMD+=(\"-headers\" \"$DIR/include\")\n\ndone\n\nCMD+=(\"-output\" \"$OUT\")\n\necho \"==============================\"\necho \"Creating XCFramework...\"\necho \"==============================\"\n\n\"${CMD[@]}\"\n\necho \"DONE → $OUT\"\n";
			showEnvVarsInLog = 0;
		};
		937D3A752FB61CC700384D0F /* Make ZIP */ = {
			isa = PBXShellScriptBuildPhase;
			alwaysOutOfDate = 1;
			buildActionMask = 12;
			files = (
			);
			inputFileListPaths = (
			);
			inputPaths = (
			);
			name = "Make ZIP";
			outputFileListPaths = (
			);
			outputPaths = (
			);
			runOnlyForDeploymentPostprocessing = 0;
			shellPath = /bin/bash;
			shellScript = "set -euo pipefail\n\nROOT=\"${SRCROOT}\"\nOUT_DIR=\"${ROOT}\"\n\nRESNAME=\"PMFoundation.xcframework\" \nFRAMEWORK=\"${OUT_DIR}/${RESNAME}\"\n\nZIP_FILE=\"${OUT_DIR}/${RESNAME}.zip\"\nSHA_FILE=\"${OUT_DIR}/${RESNAME}.zip.sha256\"\n\necho \"==============================\"\necho \"Packaging XCFramework\"\necho \"==============================\"\n\n# cleanup old artifacts\nrm -f \"$ZIP_FILE\" \"$SHA_FILE\"\n\n# sanity check\nif [ ! -d \"$FRAMEWORK\" ]; then\n    echo \"❌ XCFramework not found: $FRAMEWORK\"\n    exit 1\nfi\n\n# create zip (reproducible-ish)\necho \"Creating ZIP...\"\n/usr/bin/ditto -c -k --sequesterRsrc --keepParent \\\n    \"$FRAMEWORK\" \\\n    \"$ZIP_FILE\"\n\necho \"ZIP created: $ZIP_FILE\"\n\n# SHA256 checksum\ncd \"${OUT_DIR}\"\necho \"Generating SHA256...\"\nshasum -a 256 \"./${RESNAME}.zip\" > \"$SHA_FILE\"\n# rm -rf \"${FRAMEWORK}\"\n\necho \"==============================\"\necho \"DONE\"\necho \"ZIP:  $ZIP_FILE\"\necho \"SHA:  $SHA_FILE\"\necho \"==============================\"\n";
			showEnvVarsInLog = 0;
		};
		93FECA6F2FC98FD200D9A210 /* WatchOS */ = {
			isa = PBXShellScriptBuildPhase;
			alwaysOutOfDate = 1;
			buildActionMask = 2147483647;
			files = (
			);
			inputFileListPaths = (
			);
			inputPaths = (
			);
			name = WatchOS;
			outputFileListPaths = (
			);
			outputPaths = (
			);
			runOnlyForDeploymentPostprocessing = 0;
			shellPath = /bin/bash;
			shellScript = "set -euo pipefail\n\nROOT=\"${SRCROOT}\"\nBUILD=\"${ROOT}/build\"\nmkdir -p \"$BUILD/watchos/include\"\n\ncat > \"$BUILD/watchos/empty.c\" <<EOF\nvoid pmfoundation_watch_stub(void) {}\nEOF\n\n# arm64 (NEW required)\nxcrun clang \\\n  -target arm64-apple-watchos \\\n  -c \"$BUILD/watchos/empty.c\" \\\n  -o \"$BUILD/watchos/empty_arm64.o\"\n\n# armv7k\nxcrun clang \\\n  -target armv7k-apple-watchos \\\n  -c \"$BUILD/watchos/empty.c\" \\\n  -o \"$BUILD/watchos/empty_armv7k.o\"\n\n# arm64_32\nxcrun clang \\\n  -target arm64_32-apple-watchos \\\n  -c \"$BUILD/watchos/empty.c\" \\\n  -o \"$BUILD/watchos/empty_arm64_32.o\"\n\n# create fat lib\nlipo -create \\\n  \"$BUILD/watchos/empty_armv7k.o\" \\\n  \"$BUILD/watchos/empty_arm64_32.o\" \\\n  \"$BUILD/watchos/empty_arm64.o\" \\\n  -output \"$BUILD/watchos/libPMFoundation.a\"\n  \nmkdir -p \"$BUILD/watchsimulator/include\"\n\nxcrun clang \\\n    -target arm64-apple-watchos-simulator \\\n    -c \"$BUILD/watchos/empty.c\" \\\n    -o \"$BUILD/watchsimulator/empty.o\"\n\nlibtool -static \\\n    -o \"$BUILD/watchsimulator/libPMFoundation.a\" \\\n    \"$BUILD/watchsimulator/empty.o\"\n    \n";
		};
/* End PBXShellScriptBuildPhase section */

/* Begin XCBuildConfiguration section */
		937D3A672FB5E5D400384D0F /* Debug */ = {
			isa = XCBuildConfiguration;
			buildSettings = {
				ALWAYS_SEARCH_USER_PATHS = NO;
				ASSETCATALOG_COMPILER_GENERATE_SWIFT_ASSET_SYMBOL_EXTENSIONS = YES;
				CLANG_ANALYZER_NONNULL = YES;
				CLANG_ANALYZER_NUMBER_OBJECT_CONVERSION = YES_AGGRESSIVE;
				CLANG_CXX_LANGUAGE_STANDARD = "gnu++20";
				CLANG_ENABLE_MODULES = YES;
				CLANG_ENABLE_OBJC_ARC = YES;
				CLANG_ENABLE_OBJC_WEAK = YES;
				CLANG_WARN_BLOCK_CAPTURE_AUTORELEASING = YES;
				CLANG_WARN_BOOL_CONVERSION = YES;
				CLANG_WARN_COMMA = YES;
				CLANG_WARN_CONSTANT_CONVERSION = YES;
				CLANG_WARN_DEPRECATED_OBJC_IMPLEMENTATIONS = YES;
				CLANG_WARN_DIRECT_OBJC_ISA_USAGE = YES_ERROR;
				CLANG_WARN_DOCUMENTATION_COMMENTS = YES;
				CLANG_WARN_EMPTY_BODY = YES;
				CLANG_WARN_ENUM_CONVERSION = YES;
				CLANG_WARN_INFINITE_RECURSION = YES;
				CLANG_WARN_INT_CONVERSION = YES;
				CLANG_WARN_NON_LITERAL_NULL_CONVERSION = YES;
				CLANG_WARN_OBJC_IMPLICIT_RETAIN_SELF = YES;
				CLANG_WARN_OBJC_LITERAL_CONVERSION = YES;
				CLANG_WARN_OBJC_ROOT_CLASS = YES_ERROR;
				CLANG_WARN_QUOTED_INCLUDE_IN_FRAMEWORK_HEADER = YES;
				CLANG_WARN_RANGE_LOOP_ANALYSIS = YES;
				CLANG_WARN_STRICT_PROTOTYPES = YES;
				CLANG_WARN_SUSPICIOUS_MOVE = YES;
				CLANG_WARN_UNGUARDED_AVAILABILITY = YES_AGGRESSIVE;
				CLANG_WARN_UNREACHABLE_CODE = YES;
				CLANG_WARN__DUPLICATE_METHOD_MATCH = YES;
				COPY_PHASE_STRIP = NO;
				CURRENT_PROJECT_VERSION = 1;
				DEBUG_INFORMATION_FORMAT = dwarf;
				DEVELOPMENT_TEAM = DH5QQ32JX9;
				ENABLE_STRICT_OBJC_MSGSEND = YES;
				ENABLE_TESTABILITY = YES;
				GCC_C_LANGUAGE_STANDARD = gnu17;
				GCC_DYNAMIC_NO_PIC = NO;
				GCC_NO_COMMON_BLOCKS = YES;
				GCC_OPTIMIZATION_LEVEL = 0;
				GCC_PREPROCESSOR_DEFINITIONS = (
					"DEBUG=1",
					"$(inherited)",
				);
				GCC_WARN_64_TO_32_BIT_CONVERSION = YES;
				GCC_WARN_ABOUT_RETURN_TYPE = YES_ERROR;
				GCC_WARN_UNDECLARED_SELECTOR = YES;
				GCC_WARN_UNINITIALIZED_AUTOS = YES_AGGRESSIVE;
				GCC_WARN_UNUSED_FUNCTION = YES;
				GCC_WARN_UNUSED_VARIABLE = YES;
				LOCALIZATION_PREFERS_STRING_CATALOGS = YES;
				MTL_ENABLE_DEBUG_INFO = INCLUDE_SOURCE;
				MTL_FAST_MATH = YES;
				ONLY_ACTIVE_ARCH = YES;
				SWIFT_ACTIVE_COMPILATION_CONDITIONS = "DEBUG $(inherited)";
				SWIFT_OPTIMIZATION_LEVEL = "-Onone";
				VERSIONING_SYSTEM = "apple-generic";
				VERSION_INFO_PREFIX = "";
			};
			name = Debug;
		};
		937D3A682FB5E5D400384D0F /* Release */ = {
			isa = XCBuildConfiguration;
			buildSettings = {
				ALWAYS_SEARCH_USER_PATHS = NO;
				ASSETCATALOG_COMPILER_GENERATE_SWIFT_ASSET_SYMBOL_EXTENSIONS = YES;
				CLANG_ANALYZER_NONNULL = YES;
				CLANG_ANALYZER_NUMBER_OBJECT_CONVERSION = YES_AGGRESSIVE;
				CLANG_CXX_LANGUAGE_STANDARD = "gnu++20";
				CLANG_ENABLE_MODULES = YES;
				CLANG_ENABLE_OBJC_ARC = YES;
				CLANG_ENABLE_OBJC_WEAK = YES;
				CLANG_WARN_BLOCK_CAPTURE_AUTORELEASING = YES;
				CLANG_WARN_BOOL_CONVERSION = YES;
				CLANG_WARN_COMMA = YES;
				CLANG_WARN_CONSTANT_CONVERSION = YES;
				CLANG_WARN_DEPRECATED_OBJC_IMPLEMENTATIONS = YES;
				CLANG_WARN_DIRECT_OBJC_ISA_USAGE = YES_ERROR;
				CLANG_WARN_DOCUMENTATION_COMMENTS = YES;
				CLANG_WARN_EMPTY_BODY = YES;
				CLANG_WARN_ENUM_CONVERSION = YES;
				CLANG_WARN_INFINITE_RECURSION = YES;
				CLANG_WARN_INT_CONVERSION = YES;
				CLANG_WARN_NON_LITERAL_NULL_CONVERSION = YES;
				CLANG_WARN_OBJC_IMPLICIT_RETAIN_SELF = YES;
				CLANG_WARN_OBJC_LITERAL_CONVERSION = YES;
				CLANG_WARN_OBJC_ROOT_CLASS = YES_ERROR;
				CLANG_WARN_QUOTED_INCLUDE_IN_FRAMEWORK_HEADER = YES;
				CLANG_WARN_RANGE_LOOP_ANALYSIS = YES;
				CLANG_WARN_STRICT_PROTOTYPES = YES;
				CLANG_WARN_SUSPICIOUS_MOVE = YES;
				CLANG_WARN_UNGUARDED_AVAILABILITY = YES_AGGRESSIVE;
				CLANG_WARN_UNREACHABLE_CODE = YES;
				CLANG_WARN__DUPLICATE_METHOD_MATCH = YES;
				COPY_PHASE_STRIP = NO;
				CURRENT_PROJECT_VERSION = 1;
				DEBUG_INFORMATION_FORMAT = "dwarf-with-dsym";
				DEVELOPMENT_TEAM = DH5QQ32JX9;
				ENABLE_NS_ASSERTIONS = NO;
				ENABLE_STRICT_OBJC_MSGSEND = YES;
				GCC_C_LANGUAGE_STANDARD = gnu17;
				GCC_NO_COMMON_BLOCKS = YES;
				GCC_WARN_64_TO_32_BIT_CONVERSION = YES;
				GCC_WARN_ABOUT_RETURN_TYPE = YES_ERROR;
				GCC_WARN_UNDECLARED_SELECTOR = YES;
				GCC_WARN_UNINITIALIZED_AUTOS = YES_AGGRESSIVE;
				GCC_WARN_UNUSED_FUNCTION = YES;
				GCC_WARN_UNUSED_VARIABLE = YES;
				LOCALIZATION_PREFERS_STRING_CATALOGS = YES;
				MTL_ENABLE_DEBUG_INFO = NO;
				MTL_FAST_MATH = YES;
				SWIFT_COMPILATION_MODE = wholemodule;
				VERSIONING_SYSTEM = "apple-generic";
				VERSION_INFO_PREFIX = "";
			};
			name = Release;
		};
		937D3A6E2FB5E68200384D0F /* Debug */ = {
			isa = XCBuildConfiguration;
			buildSettings = {
				CODE_SIGN_STYLE = Automatic;
				DEVELOPMENT_TEAM = DH5QQ32JX9;
				PRODUCT_NAME = "$(TARGET_NAME)";
			};
			name = Debug;
		};
		937D3A6F2FB5E68200384D0F /* Release */ = {
			isa = XCBuildConfiguration;
			buildSettings = {
				CODE_SIGN_STYLE = Automatic;
				DEVELOPMENT_TEAM = DH5QQ32JX9;
				PRODUCT_NAME = "$(TARGET_NAME)";
			};
			name = Release;
		};
/* End XCBuildConfiguration section */

/* Begin XCConfigurationList section */
		937D3A5C2FB5E5D400384D0F /* Build configuration list for PBXProject "PMFoundation" */ = {
			isa = XCConfigurationList;
			buildConfigurations = (
				937D3A672FB5E5D400384D0F /* Debug */,
				937D3A682FB5E5D400384D0F /* Release */,
			);
			defaultConfigurationIsVisible = 0;
			defaultConfigurationName = Release;
		};
		937D3A6D2FB5E68200384D0F /* Build configuration list for PBXAggregateTarget "PMFoundationBuilder" */ = {
			isa = XCConfigurationList;
			buildConfigurations = (
				937D3A6E2FB5E68200384D0F /* Debug */,
				937D3A6F2FB5E68200384D0F /* Release */,
			);
			defaultConfigurationIsVisible = 0;
			defaultConfigurationName = Release;
		};
/* End XCConfigurationList section */
	};
	rootObject = 937D3A592FB5E5D400384D0F /* Project object */;
}
